
Microsoft Visual Studio Solution File, Format Version 12.00
# Visual Studio Version 16
VisualStudioVersion = 16.0.28803.452
MinimumVisualStudioVersion = 10.0.40219.1
Project("{9A19103F-16F7-4668-BE54-9A1E7A4F7556}") = "Blowdart.UI", "src\Blowdart.UI\Blowdart.UI.csproj", "{FA13861A-5F1C-4DB4-A61E-668377B172DF}"
EndProject
Project("{2150E333-8FDC-42A3-9474-1A3956D46DE8}") = "Solution Items", "Solution Items", "{514BD255-E489-453B-8796-88721EA52E64}"
	ProjectSection(SolutionItems) = preProject
		LICENSE = LICENSE
		README.md = README.md
		THIRD-PARTY-NOTICES.txt = THIRD-PARTY-NOTICES.txt
	EndProjectSection
EndProject
Project("{2150E333-8FDC-42A3-9474-1A3956D46DE8}") = "build", "build", "{2B0D491F-D630-4B7F-A3ED-E892B50CA68E}"
	ProjectSection(SolutionItems) = preProject
		build\build.props = build\build.props
		build\package.props = build\package.props
	EndProjectSection
EndProject
Project("{9A19103F-16F7-4668-BE54-9A1E7A4F7556}") = "Blowdart.UI.Blazor", "src\Blowdart.UI.Blazor\Blowdart.UI.Blazor.csproj", "{853EB5C4-A199-4150-81EC-B23FAD9E8C0C}"
EndProject
Global
	GlobalSection(SolutionConfigurationPlatforms) = preSolution
		Debug|Any CPU = Debug|Any CPU
		Debug|ARM = Debug|ARM
		Debug|iPhone = Debug|iPhone
		Debug|iPhoneSimulator = Debug|iPhoneSimulator
		Debug|x64 = Debug|x64
		Debug|x86 = Debug|x86
		Package|Any CPU = Package|Any CPU
		Package|ARM = Package|ARM
		Package|iPhone = Package|iPhone
		Package|iPhoneSimulator = Package|iPhoneSimulator
		Package|x64 = Package|x64
		Package|x86 = Package|x86
		Release|Any CPU = Release|Any CPU
		Release|ARM = Release|ARM
		Release|iPhone = Release|iPhone
		Release|iPhoneSimulator = Release|iPhoneSimulator
		Release|x64 = Release|x64
		Release|x86 = Release|x86
	EndGlobalSection
	GlobalSection(ProjectConfigurationPlatforms) = postSolution
		{FA13861A-5F1C-4DB4-A61E-668377B172DF}.Debug|Any CPU.ActiveCfg = Debug|Any CPU
		{FA13861A-5F1C-4DB4-A61E-668377B172DF}.Debug|Any CPU.Build.0 = Debug|Any CPU
		{FA13861A-5F1C-4DB4-A61E-668377B172DF}.Debug|ARM.ActiveCfg = Debug|Any CPU
		{FA13861A-5F1C-4DB4-A61E-668377B172DF}.Debug|ARM.Build.0 = Debug|Any CPU
		{FA13861A-5F1C-4DB4-A61E-668377B172DF}.Debug|iPhone.ActiveCfg = Debug|Any CPU
		{FA13861A-5F1C-4DB4-A61E-668377B172DF}.Debug|iPhone.Build.0 = Debug|Any CPU
		{FA13861A-5F1C-4DB4-A61E-668377B172DF}.Debug|iPhoneSimulator.ActiveCfg = Debug|Any CPU
		{FA13861A-5F1C-4DB4-A61E-668377B172DF}.Debug|iPhoneSimulator.Build.0 = Debug|Any CPU
		{FA13861A-5F1C-4DB4-A61E-668377B172DF}.Debug|x64.ActiveCfg = Debug|Any CPU
		{FA13861A-5F1C-4DB4-A61E-668377B172DF}.Debug|x64.Build.0 = Debug|Any CPU
		{FA13861A-5F1C-4DB4-A61E-668377B172DF}.Debug|x86.ActiveCfg = Debug|Any CPU
		{FA13861A-5F1C-4DB4-A61E-668377B172DF}.Debug|x86.Build.0 = Debug|Any CPU
		{FA13861A-5F1C-4DB4-A61E-668377B172DF}.Package|Any CPU.ActiveCfg = Release|Any CPU
		{FA13861A-5F1C-4DB4-A61E-668377B172DF}.Package|Any CPU.Build.0 = Release|Any CPU
		{FA13861A-5F1C-4DB4-A61E-668377B172DF}.Package|ARM.ActiveCfg = Release|Any CPU
		{FA13861A-5F1C-4DB4-A61E-668377B172DF}.Package|ARM.Build.0 = Release|Any CPU
		{FA13861A-5F1C-4DB4-A61E-668377B172DF}.Package|iPhone.ActiveCfg = Release|Any CPU
		{FA13861A-5F1C-4DB4-A61E-668377B172DF}.Package|iPhone.Build.0 = Release|Any CPU
		{FA13861A-5F1C-4DB4-A61E-668377B172DF}.Package|iPhoneSimulator.ActiveCfg = Release|Any CPU
		{FA13861A-5F1C-4DB4-A61E-668377B172DF}.Package|iPhoneSimulator.Build.0 = Release|Any CPU
		{FA13861A-5F1C-4DB4-A61E-668377B172DF}.Package|x64.ActiveCfg = Release|Any CPU
		{FA13861A-5F1C-4DB4-A61E-668377B172DF}.Package|x64.Build.0 = Release|Any CPU
		{FA13861A-5F1C-4DB4-A61E-668377B172DF}.Package|x86.ActiveCfg = Release|Any CPU
		{FA13861A-5F1C-4DB4-A61E-668377B172DF}.Package|x86.Build.0 = Release|Any CPU
		{FA13861A-5F1C-4DB4-A61E-668377B172DF}.Release|Any CPU.ActiveCfg = Release|Any CPU
		{FA13861A-5F1C-4DB4-A61E-668377B172DF}.Release|Any CPU.Build.0 = Release|Any CPU
		{FA13861A-5F1C-4DB4-A61E-668377B172DF}.Release|ARM.ActiveCfg = Release|Any CPU
		{FA13861A-5F1C-4DB4-A61E-668377B172DF}.Release|ARM.Build.0 = Release|Any CPU
		{FA13861A-5F1C-4DB4-A61E-668377B172DF}.Release|iPhone.ActiveCfg = Release|Any CPU
		{FA13861A-5F1C-4DB4-A61E-668377B172DF}.Release|iPhone.Build.0 = Release|Any CPU
		{FA13861A-5F1C-4DB4-A61E-668377B172DF}.Release|iPhoneSimulator.ActiveCfg = Release|Any CPU
		{FA13861A-5F1C-4DB4-A61E-668377B172DF}.Release|iPhoneSimulator.Build.0 = Release|Any CPU
		{FA13861A-5F1C-4DB4-A61E-668377B172DF}.Release|x64.ActiveCfg = Release|Any CPU
		{FA13861A-5F1C-4DB4-A61E-668377B172DF}.Release|x64.Build.0 = Release|Any CPU
		{FA13861A-5F1C-4DB4-A61E-668377B172DF}.Release|x86.ActiveCfg = Release|Any CPU
		{FA13861A-5F1C-4DB4-A61E-668377B172DF}.Release|x86.Build.0 = Release|Any CPU
		{853EB5C4-A199-4150-81EC-B23FAD9E8C0C}.Debug|Any CPU.ActiveCfg = Debug|Any CPU
		{853EB5C4-A199-4150-81EC-B23FAD9E8C0C}.Debug|Any CPU.Build.0 = Debug|Any CPU
		{853EB5C4-A199-4150-81EC-B23FAD9E8C0C}.Debug|ARM.ActiveCfg = Debug|Any CPU
		{853EB5C4-A199-4150-81EC-B23FAD9E8C0C}.Debug|ARM.Build.0 = Debug|Any CPU
		{853EB5C4-A199-4150-81EC-B23FAD9E8C0C}.Debug|iPhone.ActiveCfg = Debug|Any CPU
		{853EB5C4-A199-4150-81EC-B23FAD9E8C0C}.Debug|iPhone.Build.0 = Debug|Any CPU
		{853EB5C4-A199-4150-81EC-B23FAD9E8C0C}.Debug|iPhoneSimulator.ActiveCfg = Debug|Any CPU
		{853EB5C4-A199-4150-81EC-B23FAD9E8C0C}.Debug|iPhoneSimulator.Build.0 = Debug|Any CPU
		{853EB5C4-A199-4150-81EC-B23FAD9E8C0C}.Debug|x64.ActiveCfg = Debug|Any CPU
		{853EB5C4-A199-4150-81EC-B23FAD9E8C0C}.Debug|x64.Build.0 = Debug|Any CPU
		{853EB5C4-A199-4150-81EC-B23FAD9E8C0C}.Debug|x86.ActiveCfg = Debug|Any CPU
		{853EB5C4-A199-4150-81EC-B23FAD9E8C0C}.Debug|x86.Build.0 = Debug|Any CPU
		{853EB5C4-A199-4150-81EC-B23FAD9E8C0C}.Package|Any CPU.ActiveCfg = Debug|Any CPU
		{853EB5C4-A199-4150-81EC-B23FAD9E8C0C}.Package|Any CPU.Build.0 = Debug|Any CPU
		{853EB5C4-A199-4150-81EC-B23FAD9E8C0C}.Package|ARM.ActiveCfg = Debug|Any CPU
		{853EB5C4-A199-4150-81EC-B23FAD9E8C0C}.Package|ARM.Build.0 = Debug|Any CPU
		{853EB5C4-A199-4150-81EC-B23FAD9E8C0C}.Package|iPhone.ActiveCfg = Debug|Any CPU
		{853EB5C4-A199-4150-81EC-B23FAD9E8C0C}.Package|iPhone.Build.0 = Debug|Any CPU
		{853EB5C4-A199-4150-81EC-B23FAD9E8C0C}.Package|iPhoneSimulator.ActiveCfg = Debug|Any CPU
		{853EB5C4-A199-4150-81EC-B23FAD9E8C0C}.Package|iPhoneSimulator.Build.0 = Debug|Any CPU
		{853EB5C4-A199-4150-81EC-B23FAD9E8C0C}.Package|x64.ActiveCfg = Debug|Any CPU
		{853EB5C4-A199-4150-81EC-B23FAD9E8C0C}.Package|x64.Build.0 = Debug|Any CPU
		{853EB5C4-A199-4150-81EC-B23FAD9E8C0C}.Package|x86.ActiveCfg = Debug|Any CPU
		{853EB5C4-A199-4150-81EC-B23FAD9E8C0C}.Package|x86.Build.0 = Debug|Any CPU
		{853EB5C4-A199-4150-81EC-B23FAD9E8C0C}.Release|Any CPU.ActiveCfg = Release|Any CPU
		{853EB5C4-A199-4150-81EC-B23FAD9E8C0C}.Release|Any CPU.Build.0 = Release|Any CPU
		{853EB5C4-A199-4150-81EC-B23FAD9E8C0C}.Release|ARM.ActiveCfg = Release|Any CPU
		{853EB5C4-A199-4150-81EC-B23FAD9E8C0C}.Release|ARM.Build.0 = Release|Any CPU
		{853EB5C4-A199-4150-81EC-B23FAD9E8C0C}.Release|iPhone.ActiveCfg = Release|Any CPU
		{853EB5C4-A199-4150-81EC-B23FAD9E8C0C}.Release|iPhone.Build.0 = Release|Any CPU
		{853EB5C4-A199-4150-81EC-B23FAD9E8C0C}.Release|iPhoneSimulator.ActiveCfg = Release|Any CPU
		{853EB5C4-A199-4150-81EC-B23FAD9E8C0C}.Release|iPhoneSimulator.Build.0 = Release|Any CPU
		{853EB5C4-A199-4150-81EC-B23FAD9E8C0C}.Release|x64.ActiveCfg = Release|Any CPU
		{853EB5C4-A199-4150-81EC-B23FAD9E8C0C}.Release|x64.Build.0 = Release|Any CPU
		{853EB5C4-A199-4150-81EC-B23FAD9E8C0C}.Release|x86.ActiveCfg = Release|Any CPU
		{853EB5C4-A199-4150-81EC-B23FAD9E8C0C}.Release|x86.Build.0 = Release|Any CPU
	EndGlobalSection
	GlobalSection(SolutionProperties) = preSolution
		HideSolutionNode = FALSE
	EndGlobalSection
	GlobalSection(ExtensibilityGlobals) = postSolution
		SolutionGuid = {DA870D36-B848-4360-A630-5732FB4BF704}
	EndGlobalSection
EndGlobal
