
Microsoft Visual Studio Solution File, Format Version 12.00
# Visual Studio Version 16
VisualStudioVersion = 16.0.28803.452
MinimumVisualStudioVersion = 10.0.40219.1
Project("{9A19103F-16F7-4668-BE54-9A1E7A4F7556}") = "Blowdart.UI", "src\Blowdart.UI\Blowdart.UI.csproj", "{FA13861A-5F1C-4DB4-A61E-668377B172DF}"
EndProject
Project("{9A19103F-16F7-4668-BE54-9A1E7A4F7556}") = "Blowdart.UI.Web", "src\Blowdart.UI.Web\Blowdart.UI.Web.csproj", "{7B55DC2A-39DA-4A19-BCC9-D2BD935C2E7D}"
EndProject
Project("{2150E333-8FDC-42A3-9474-1A3956D46DE8}") = "Solution Items", "Solution Items", "{514BD255-E489-453B-8796-88721EA52E64}"
	ProjectSection(SolutionItems) = preProject
		LICENSE = LICENSE
		README.md = README.md
		THIRD-PARTY-NOTICES.txt = THIRD-PARTY-NOTICES.txt
	EndProjectSection
EndProject
Project("{2150E333-8FDC-42A3-9474-1A3956D46DE8}") = "build", "build", "{2B0D491F-D630-4B7F-A3ED-E892B50CA68E}"
	ProjectSection(SolutionItems) = preProject
		build\build.props = build\build.props
		build\package.props = build\package.props
	EndProjectSection
EndProject
Project("{9A19103F-16F7-4668-BE54-9A1E7A4F7556}") = "TypeKitchen", "..\TypeKitchen\src\TypeKitchen\TypeKitchen.csproj", "{B557584F-58FD-4E45-9AD9-7C8D107F5005}"
EndProject
Project("{9A19103F-16F7-4668-BE54-9A1E7A4F7556}") = "WebStrings", "..\WebStrings\src\WebStrings\WebStrings.csproj", "{9BDB9ACE-969A-45B2-A214-4EFF3B1DBF28}"
EndProject
Project("{9A19103F-16F7-4668-BE54-9A1E7A4F7556}") = "Demo.Web", "src\Demo.Web\Demo.Web.csproj", "{0972F1D5-57BA-4C16-B1C0-D8517F3BD81A}"
EndProject
Project("{2150E333-8FDC-42A3-9474-1A3956D46DE8}") = "external", "external", "{2B460B6E-FBF5-41FE-ADB8-AA288C1AB023}"
EndProject
Project("{9A19103F-16F7-4668-BE54-9A1E7A4F7556}") = "Demo.Examples", "src\Demo.Examples\Demo.Examples.csproj", "{7CF104FA-B434-496E-BD2A-E64AC72F6643}"
EndProject
Project("{9A19103F-16F7-4668-BE54-9A1E7A4F7556}") = "Blowdart.UI.Game", "src\Blowdart.UI.Game\Blowdart.UI.Game.csproj", "{B2120BFB-A627-4776-917D-FAD57F75F043}"
EndProject
Project("{9A19103F-16F7-4668-BE54-9A1E7A4F7556}") = "Demo.Game", "src\Demo.Game\Demo.Game.csproj", "{7393FBBC-F338-46CE-B2A4-2E370732D7C7}"
EndProject
Project("{2150E333-8FDC-42A3-9474-1A3956D46DE8}") = "sandlot", "sandlot", "{A152C068-46ED-4758-B0EA-00A0917D514C}"
EndProject
Project("{9A19103F-16F7-4668-BE54-9A1E7A4F7556}") = "Blowdart.UI.WinForms", "src\Blowdart.UI.WinForms\Blowdart.UI.WinForms.csproj", "{E6AA1BD7-868C-4A18-B38A-3321E26C6C53}"
EndProject
Project("{9A19103F-16F7-4668-BE54-9A1E7A4F7556}") = "Demo.WinForms", "src\Demo.WinForms\Demo.WinForms.csproj", "{3E00E04E-C6C1-4395-AAE1-3018901717DD}"
EndProject
Global
	GlobalSection(SolutionConfigurationPlatforms) = preSolution
		Debug|Any CPU = Debug|Any CPU
		Debug|x64 = Debug|x64
		Package|Any CPU = Package|Any CPU
		Package|x64 = Package|x64
		Release|Any CPU = Release|Any CPU
		Release|x64 = Release|x64
	EndGlobalSection
	GlobalSection(ProjectConfigurationPlatforms) = postSolution
		{FA13861A-5F1C-4DB4-A61E-668377B172DF}.Debug|Any CPU.ActiveCfg = Debug|Any CPU
		{FA13861A-5F1C-4DB4-A61E-668377B172DF}.Debug|Any CPU.Build.0 = Debug|Any CPU
		{FA13861A-5F1C-4DB4-A61E-668377B172DF}.Debug|x64.ActiveCfg = Debug|x64
		{FA13861A-5F1C-4DB4-A61E-668377B172DF}.Debug|x64.Build.0 = Debug|x64
		{FA13861A-5F1C-4DB4-A61E-668377B172DF}.Package|Any CPU.ActiveCfg = Package|Any CPU
		{FA13861A-5F1C-4DB4-A61E-668377B172DF}.Package|Any CPU.Build.0 = Package|Any CPU
		{FA13861A-5F1C-4DB4-A61E-668377B172DF}.Package|x64.ActiveCfg = Package|x64
		{FA13861A-5F1C-4DB4-A61E-668377B172DF}.Package|x64.Build.0 = Package|x64
		{FA13861A-5F1C-4DB4-A61E-668377B172DF}.Release|Any CPU.ActiveCfg = Release|Any CPU
		{FA13861A-5F1C-4DB4-A61E-668377B172DF}.Release|Any CPU.Build.0 = Release|Any CPU
		{FA13861A-5F1C-4DB4-A61E-668377B172DF}.Release|x64.ActiveCfg = Release|x64
		{FA13861A-5F1C-4DB4-A61E-668377B172DF}.Release|x64.Build.0 = Release|x64
		{7B55DC2A-39DA-4A19-BCC9-D2BD935C2E7D}.Debug|Any CPU.ActiveCfg = Debug|Any CPU
		{7B55DC2A-39DA-4A19-BCC9-D2BD935C2E7D}.Debug|Any CPU.Build.0 = Debug|Any CPU
		{7B55DC2A-39DA-4A19-BCC9-D2BD935C2E7D}.Debug|x64.ActiveCfg = Debug|x64
		{7B55DC2A-39DA-4A19-BCC9-D2BD935C2E7D}.Debug|x64.Build.0 = Debug|x64
		{7B55DC2A-39DA-4A19-BCC9-D2BD935C2E7D}.Package|Any CPU.ActiveCfg = Package|Any CPU
		{7B55DC2A-39DA-4A19-BCC9-D2BD935C2E7D}.Package|Any CPU.Build.0 = Package|Any CPU
		{7B55DC2A-39DA-4A19-BCC9-D2BD935C2E7D}.Package|x64.ActiveCfg = Package|x64
		{7B55DC2A-39DA-4A19-BCC9-D2BD935C2E7D}.Package|x64.Build.0 = Package|x64
		{7B55DC2A-39DA-4A19-BCC9-D2BD935C2E7D}.Release|Any CPU.ActiveCfg = Release|Any CPU
		{7B55DC2A-39DA-4A19-BCC9-D2BD935C2E7D}.Release|Any CPU.Build.0 = Release|Any CPU
		{7B55DC2A-39DA-4A19-BCC9-D2BD935C2E7D}.Release|x64.ActiveCfg = Release|x64
		{7B55DC2A-39DA-4A19-BCC9-D2BD935C2E7D}.Release|x64.Build.0 = Release|x64
		{B557584F-58FD-4E45-9AD9-7C8D107F5005}.Debug|Any CPU.ActiveCfg = Debug|Any CPU
		{B557584F-58FD-4E45-9AD9-7C8D107F5005}.Debug|Any CPU.Build.0 = Debug|Any CPU
		{B557584F-58FD-4E45-9AD9-7C8D107F5005}.Debug|x64.ActiveCfg = Debug|x64
		{B557584F-58FD-4E45-9AD9-7C8D107F5005}.Debug|x64.Build.0 = Debug|x64
		{B557584F-58FD-4E45-9AD9-7C8D107F5005}.Package|Any CPU.ActiveCfg = Package|Any CPU
		{B557584F-58FD-4E45-9AD9-7C8D107F5005}.Package|Any CPU.Build.0 = Package|Any CPU
		{B557584F-58FD-4E45-9AD9-7C8D107F5005}.Package|x64.ActiveCfg = Package|x64
		{B557584F-58FD-4E45-9AD9-7C8D107F5005}.Package|x64.Build.0 = Package|x64
		{B557584F-58FD-4E45-9AD9-7C8D107F5005}.Release|Any CPU.ActiveCfg = Release|Any CPU
		{B557584F-58FD-4E45-9AD9-7C8D107F5005}.Release|Any CPU.Build.0 = Release|Any CPU
		{B557584F-58FD-4E45-9AD9-7C8D107F5005}.Release|x64.ActiveCfg = Release|x64
		{B557584F-58FD-4E45-9AD9-7C8D107F5005}.Release|x64.Build.0 = Release|x64
		{9BDB9ACE-969A-45B2-A214-4EFF3B1DBF28}.Debug|Any CPU.ActiveCfg = Debug|Any CPU
		{9BDB9ACE-969A-45B2-A214-4EFF3B1DBF28}.Debug|Any CPU.Build.0 = Debug|Any CPU
		{9BDB9ACE-969A-45B2-A214-4EFF3B1DBF28}.Debug|x64.ActiveCfg = Debug|Any CPU
		{9BDB9ACE-969A-45B2-A214-4EFF3B1DBF28}.Debug|x64.Build.0 = Debug|Any CPU
		{9BDB9ACE-969A-45B2-A214-4EFF3B1DBF28}.Package|Any CPU.ActiveCfg = Debug|Any CPU
		{9BDB9ACE-969A-45B2-A214-4EFF3B1DBF28}.Package|Any CPU.Build.0 = Debug|Any CPU
		{9BDB9ACE-969A-45B2-A214-4EFF3B1DBF28}.Package|x64.ActiveCfg = Release|Any CPU
		{9BDB9ACE-969A-45B2-A214-4EFF3B1DBF28}.Package|x64.Build.0 = Release|Any CPU
		{9BDB9ACE-969A-45B2-A214-4EFF3B1DBF28}.Release|Any CPU.ActiveCfg = Release|Any CPU
		{9BDB9ACE-969A-45B2-A214-4EFF3B1DBF28}.Release|Any CPU.Build.0 = Release|Any CPU
		{9BDB9ACE-969A-45B2-A214-4EFF3B1DBF28}.Release|x64.ActiveCfg = Release|Any CPU
		{9BDB9ACE-969A-45B2-A214-4EFF3B1DBF28}.Release|x64.Build.0 = Release|Any CPU
		{0972F1D5-57BA-4C16-B1C0-D8517F3BD81A}.Debug|Any CPU.ActiveCfg = Debug|Any CPU
		{0972F1D5-57BA-4C16-B1C0-D8517F3BD81A}.Debug|Any CPU.Build.0 = Debug|Any CPU
		{0972F1D5-57BA-4C16-B1C0-D8517F3BD81A}.Debug|x64.ActiveCfg = Debug|x64
		{0972F1D5-57BA-4C16-B1C0-D8517F3BD81A}.Debug|x64.Build.0 = Debug|x64
		{0972F1D5-57BA-4C16-B1C0-D8517F3BD81A}.Package|Any CPU.ActiveCfg = Debug|Any CPU
		{0972F1D5-57BA-4C16-B1C0-D8517F3BD81A}.Package|Any CPU.Build.0 = Debug|Any CPU
		{0972F1D5-57BA-4C16-B1C0-D8517F3BD81A}.Package|x64.ActiveCfg = Release|x64
		{0972F1D5-57BA-4C16-B1C0-D8517F3BD81A}.Package|x64.Build.0 = Release|x64
		{0972F1D5-57BA-4C16-B1C0-D8517F3BD81A}.Release|Any CPU.ActiveCfg = Release|Any CPU
		{0972F1D5-57BA-4C16-B1C0-D8517F3BD81A}.Release|Any CPU.Build.0 = Release|Any CPU
		{0972F1D5-57BA-4C16-B1C0-D8517F3BD81A}.Release|x64.ActiveCfg = Release|x64
		{0972F1D5-57BA-4C16-B1C0-D8517F3BD81A}.Release|x64.Build.0 = Release|x64
		{7CF104FA-B434-496E-BD2A-E64AC72F6643}.Debug|Any CPU.ActiveCfg = Debug|Any CPU
		{7CF104FA-B434-496E-BD2A-E64AC72F6643}.Debug|Any CPU.Build.0 = Debug|Any CPU
		{7CF104FA-B434-496E-BD2A-E64AC72F6643}.Debug|x64.ActiveCfg = Debug|x64
		{7CF104FA-B434-496E-BD2A-E64AC72F6643}.Debug|x64.Build.0 = Debug|x64
		{7CF104FA-B434-496E-BD2A-E64AC72F6643}.Package|Any CPU.ActiveCfg = Debug|Any CPU
		{7CF104FA-B434-496E-BD2A-E64AC72F6643}.Package|Any CPU.Build.0 = Debug|Any CPU
		{7CF104FA-B434-496E-BD2A-E64AC72F6643}.Package|x64.ActiveCfg = Release|x64
		{7CF104FA-B434-496E-BD2A-E64AC72F6643}.Package|x64.Build.0 = Release|x64
		{7CF104FA-B434-496E-BD2A-E64AC72F6643}.Release|Any CPU.ActiveCfg = Release|Any CPU
		{7CF104FA-B434-496E-BD2A-E64AC72F6643}.Release|Any CPU.Build.0 = Release|Any CPU
		{7CF104FA-B434-496E-BD2A-E64AC72F6643}.Release|x64.ActiveCfg = Release|x64
		{7CF104FA-B434-496E-BD2A-E64AC72F6643}.Release|x64.Build.0 = Release|x64
		{B2120BFB-A627-4776-917D-FAD57F75F043}.Debug|Any CPU.ActiveCfg = Debug|Any CPU
		{B2120BFB-A627-4776-917D-FAD57F75F043}.Debug|Any CPU.Build.0 = Debug|Any CPU
		{B2120BFB-A627-4776-917D-FAD57F75F043}.Debug|x64.ActiveCfg = Debug|x64
		{B2120BFB-A627-4776-917D-FAD57F75F043}.Debug|x64.Build.0 = Debug|x64
		{B2120BFB-A627-4776-917D-FAD57F75F043}.Package|Any CPU.ActiveCfg = Debug|Any CPU
		{B2120BFB-A627-4776-917D-FAD57F75F043}.Package|Any CPU.Build.0 = Debug|Any CPU
		{B2120BFB-A627-4776-917D-FAD57F75F043}.Package|x64.ActiveCfg = Release|x64
		{B2120BFB-A627-4776-917D-FAD57F75F043}.Package|x64.Build.0 = Release|x64
		{B2120BFB-A627-4776-917D-FAD57F75F043}.Release|Any CPU.ActiveCfg = Release|Any CPU
		{B2120BFB-A627-4776-917D-FAD57F75F043}.Release|Any CPU.Build.0 = Release|Any CPU
		{B2120BFB-A627-4776-917D-FAD57F75F043}.Release|x64.ActiveCfg = Release|x64
		{B2120BFB-A627-4776-917D-FAD57F75F043}.Release|x64.Build.0 = Release|x64
		{7393FBBC-F338-46CE-B2A4-2E370732D7C7}.Debug|Any CPU.ActiveCfg = Debug|Any CPU
		{7393FBBC-F338-46CE-B2A4-2E370732D7C7}.Debug|Any CPU.Build.0 = Debug|Any CPU
		{7393FBBC-F338-46CE-B2A4-2E370732D7C7}.Debug|x64.ActiveCfg = Debug|x64
		{7393FBBC-F338-46CE-B2A4-2E370732D7C7}.Debug|x64.Build.0 = Debug|x64
		{7393FBBC-F338-46CE-B2A4-2E370732D7C7}.Package|Any CPU.ActiveCfg = Debug|Any CPU
		{7393FBBC-F338-46CE-B2A4-2E370732D7C7}.Package|Any CPU.Build.0 = Debug|Any CPU
		{7393FBBC-F338-46CE-B2A4-2E370732D7C7}.Package|x64.ActiveCfg = Release|x64
		{7393FBBC-F338-46CE-B2A4-2E370732D7C7}.Package|x64.Build.0 = Release|x64
		{7393FBBC-F338-46CE-B2A4-2E370732D7C7}.Release|Any CPU.ActiveCfg = Release|Any CPU
		{7393FBBC-F338-46CE-B2A4-2E370732D7C7}.Release|Any CPU.Build.0 = Release|Any CPU
		{7393FBBC-F338-46CE-B2A4-2E370732D7C7}.Release|x64.ActiveCfg = Release|x64
		{7393FBBC-F338-46CE-B2A4-2E370732D7C7}.Release|x64.Build.0 = Release|x64
		{E6AA1BD7-868C-4A18-B38A-3321E26C6C53}.Debug|Any CPU.ActiveCfg = Debug|Any CPU
		{E6AA1BD7-868C-4A18-B38A-3321E26C6C53}.Debug|Any CPU.Build.0 = Debug|Any CPU
		{E6AA1BD7-868C-4A18-B38A-3321E26C6C53}.Debug|x64.ActiveCfg = Debug|Any CPU
		{E6AA1BD7-868C-4A18-B38A-3321E26C6C53}.Debug|x64.Build.0 = Debug|Any CPU
		{E6AA1BD7-868C-4A18-B38A-3321E26C6C53}.Package|Any CPU.ActiveCfg = Debug|Any CPU
		{E6AA1BD7-868C-4A18-B38A-3321E26C6C53}.Package|Any CPU.Build.0 = Debug|Any CPU
		{E6AA1BD7-868C-4A18-B38A-3321E26C6C53}.Package|x64.ActiveCfg = Debug|Any CPU
		{E6AA1BD7-868C-4A18-B38A-3321E26C6C53}.Package|x64.Build.0 = Debug|Any CPU
		{E6AA1BD7-868C-4A18-B38A-3321E26C6C53}.Release|Any CPU.ActiveCfg = Release|Any CPU
		{E6AA1BD7-868C-4A18-B38A-3321E26C6C53}.Release|Any CPU.Build.0 = Release|Any CPU
		{E6AA1BD7-868C-4A18-B38A-3321E26C6C53}.Release|x64.ActiveCfg = Release|Any CPU
		{E6AA1BD7-868C-4A18-B38A-3321E26C6C53}.Release|x64.Build.0 = Release|Any CPU
		{3E00E04E-C6C1-4395-AAE1-3018901717DD}.Debug|Any CPU.ActiveCfg = Debug|Any CPU
		{3E00E04E-C6C1-4395-AAE1-3018901717DD}.Debug|Any CPU.Build.0 = Debug|Any CPU
		{3E00E04E-C6C1-4395-AAE1-3018901717DD}.Debug|x64.ActiveCfg = Debug|Any CPU
		{3E00E04E-C6C1-4395-AAE1-3018901717DD}.Debug|x64.Build.0 = Debug|Any CPU
		{3E00E04E-C6C1-4395-AAE1-3018901717DD}.Package|Any CPU.ActiveCfg = Debug|Any CPU
		{3E00E04E-C6C1-4395-AAE1-3018901717DD}.Package|Any CPU.Build.0 = Debug|Any CPU
		{3E00E04E-C6C1-4395-AAE1-3018901717DD}.Package|x64.ActiveCfg = Debug|Any CPU
		{3E00E04E-C6C1-4395-AAE1-3018901717DD}.Package|x64.Build.0 = Debug|Any CPU
		{3E00E04E-C6C1-4395-AAE1-3018901717DD}.Release|Any CPU.ActiveCfg = Release|Any CPU
		{3E00E04E-C6C1-4395-AAE1-3018901717DD}.Release|Any CPU.Build.0 = Release|Any CPU
		{3E00E04E-C6C1-4395-AAE1-3018901717DD}.Release|x64.ActiveCfg = Release|Any CPU
		{3E00E04E-C6C1-4395-AAE1-3018901717DD}.Release|x64.Build.0 = Release|Any CPU
	EndGlobalSection
	GlobalSection(SolutionProperties) = preSolution
		HideSolutionNode = FALSE
	EndGlobalSection
	GlobalSection(NestedProjects) = preSolution
		{B557584F-58FD-4E45-9AD9-7C8D107F5005} = {2B460B6E-FBF5-41FE-ADB8-AA288C1AB023}
		{9BDB9ACE-969A-45B2-A214-4EFF3B1DBF28} = {2B460B6E-FBF5-41FE-ADB8-AA288C1AB023}
		{B2120BFB-A627-4776-917D-FAD57F75F043} = {A152C068-46ED-4758-B0EA-00A0917D514C}
		{7393FBBC-F338-46CE-B2A4-2E370732D7C7} = {A152C068-46ED-4758-B0EA-00A0917D514C}
		{E6AA1BD7-868C-4A18-B38A-3321E26C6C53} = {A152C068-46ED-4758-B0EA-00A0917D514C}
		{3E00E04E-C6C1-4395-AAE1-3018901717DD} = {A152C068-46ED-4758-B0EA-00A0917D514C}
	EndGlobalSection
	GlobalSection(ExtensibilityGlobals) = postSolution
		SolutionGuid = {DA870D36-B848-4360-A630-5732FB4BF704}
	EndGlobalSection
EndGlobal
